
Microsoft Visual Studio Solution File, Format Version 10.00
# Visual Studio 2008
Project("{8BC9CEB8-8B4A-11D0-8D11-00A0C91BC942}") = "VisualMap", "VisualMap\VisualMap.vcproj", "{48F28229-1998-42CD-8A01-F45C3659C3C3}"
EndProject
Project("{8BC9CEB8-8B4A-11D0-8D11-00A0C91BC942}") = "App RealForest", "RealForest\RealForest.vcproj", "{3B0E26F1-9F5B-460D-87DC-EBEA65207EA9}"
	ProjectSection(ProjectDependencies) = postProject
		{48F28229-1998-42CD-8A01-F45C3659C3C3} = {48F28229-1998-42CD-8A01-F45C3659C3C3}
		{3D038E43-C4C7-47D3-830D-BDA79A5A51B6} = {3D038E43-C4C7-47D3-830D-BDA79A5A51B6}
		{D6CB99AD-F75C-442C-8737-1CD94871A2E9} = {D6CB99AD-F75C-442C-8737-1CD94871A2E9}
		{31EA52E8-FAAA-4B5E-BC40-4E4E7050E5F1} = {31EA52E8-FAAA-4B5E-BC40-4E4E7050E5F1}
		{7B0B63F9-9938-4CFE-AD07-EC8FC95B080C} = {7B0B63F9-9938-4CFE-AD07-EC8FC95B080C}
		{9CBB20FA-8926-4DD8-95F5-6EAD4458A402} = {9CBB20FA-8926-4DD8-95F5-6EAD4458A402}
	EndProjectSection
EndProject
Project("{8BC9CEB8-8B4A-11D0-8D11-00A0C91BC942}") = "VisualModel", "VisualModel\VisualModel.vcproj", "{3D038E43-C4C7-47D3-830D-BDA79A5A51B6}"
EndProject
Project("{8BC9CEB8-8B4A-11D0-8D11-00A0C91BC942}") = "Plugins ptm", "Plugins ptm\Plugins ptm.vcproj", "{3E762C31-D4FE-4909-B6E3-DAB2B0B84FAC}"
EndProject
Project("{8BC9CEB8-8B4A-11D0-8D11-00A0C91BC942}") = "RealTerraEditor", "RealTerraEditor\RealTerraEditor.vcproj", "{31EA52E8-FAAA-4B5E-BC40-4E4E7050E5F1}"
EndProject
Project("{8BC9CEB8-8B4A-11D0-8D11-00A0C91BC942}") = "VisualFire", "VisualFire\VisualFire.vcproj", "{9CBB20FA-8926-4DD8-95F5-6EAD4458A402}"
	ProjectSection(ProjectDependencies) = postProject
		{3D038E43-C4C7-47D3-830D-BDA79A5A51B6} = {3D038E43-C4C7-47D3-830D-BDA79A5A51B6}
	EndProjectSection
EndProject
Project("{8BC9CEB8-8B4A-11D0-8D11-00A0C91BC942}") = "RealNature", "RealNature\RealNature.vcproj", "{7B0B63F9-9938-4CFE-AD07-EC8FC95B080C}"
EndProject
Project("{8BC9CEB8-8B4A-11D0-8D11-00A0C91BC942}") = "FoFiSimulator", "FoFiSimulator\FoFiSimulator.vcproj", "{D6CB99AD-F75C-442C-8737-1CD94871A2E9}"
EndProject
Global
	GlobalSection(SolutionConfigurationPlatforms) = preSolution
		Debug|Win32 = Debug|Win32
		Debug|x64 = Debug|x64
		MinSizeRel|Win32 = MinSizeRel|Win32
		MinSizeRel|x64 = MinSizeRel|x64
		Release|Win32 = Release|Win32
		Release|x64 = Release|x64
		RelWithDebInfo|Win32 = RelWithDebInfo|Win32
		RelWithDebInfo|x64 = RelWithDebInfo|x64
	EndGlobalSection
	GlobalSection(ProjectConfigurationPlatforms) = postSolution
		{48F28229-1998-42CD-8A01-F45C3659C3C3}.Debug|Win32.ActiveCfg = Debug|Win32
		{48F28229-1998-42CD-8A01-F45C3659C3C3}.Debug|Win32.Build.0 = Debug|Win32
		{48F28229-1998-42CD-8A01-F45C3659C3C3}.Debug|x64.ActiveCfg = Debug|Win32
		{48F28229-1998-42CD-8A01-F45C3659C3C3}.MinSizeRel|Win32.ActiveCfg = Release|Win32
		{48F28229-1998-42CD-8A01-F45C3659C3C3}.MinSizeRel|Win32.Build.0 = Release|Win32
		{48F28229-1998-42CD-8A01-F45C3659C3C3}.MinSizeRel|x64.ActiveCfg = Release|Win32
		{48F28229-1998-42CD-8A01-F45C3659C3C3}.Release|Win32.ActiveCfg = Release|Win32
		{48F28229-1998-42CD-8A01-F45C3659C3C3}.Release|Win32.Build.0 = Release|Win32
		{48F28229-1998-42CD-8A01-F45C3659C3C3}.Release|x64.ActiveCfg = Release|Win32
		{48F28229-1998-42CD-8A01-F45C3659C3C3}.RelWithDebInfo|Win32.ActiveCfg = Release|Win32
		{48F28229-1998-42CD-8A01-F45C3659C3C3}.RelWithDebInfo|Win32.Build.0 = Release|Win32
		{48F28229-1998-42CD-8A01-F45C3659C3C3}.RelWithDebInfo|x64.ActiveCfg = Release|Win32
		{3B0E26F1-9F5B-460D-87DC-EBEA65207EA9}.Debug|Win32.ActiveCfg = Debug|Win32
		{3B0E26F1-9F5B-460D-87DC-EBEA65207EA9}.Debug|Win32.Build.0 = Debug|Win32
		{3B0E26F1-9F5B-460D-87DC-EBEA65207EA9}.Debug|x64.ActiveCfg = Debug|Win32
		{3B0E26F1-9F5B-460D-87DC-EBEA65207EA9}.MinSizeRel|Win32.ActiveCfg = Release|Win32
		{3B0E26F1-9F5B-460D-87DC-EBEA65207EA9}.MinSizeRel|Win32.Build.0 = Release|Win32
		{3B0E26F1-9F5B-460D-87DC-EBEA65207EA9}.MinSizeRel|x64.ActiveCfg = Release|Win32
		{3B0E26F1-9F5B-460D-87DC-EBEA65207EA9}.Release|Win32.ActiveCfg = Release|Win32
		{3B0E26F1-9F5B-460D-87DC-EBEA65207EA9}.Release|Win32.Build.0 = Release|Win32
		{3B0E26F1-9F5B-460D-87DC-EBEA65207EA9}.Release|x64.ActiveCfg = Release|Win32
		{3B0E26F1-9F5B-460D-87DC-EBEA65207EA9}.RelWithDebInfo|Win32.ActiveCfg = Release|Win32
		{3B0E26F1-9F5B-460D-87DC-EBEA65207EA9}.RelWithDebInfo|Win32.Build.0 = Release|Win32
		{3B0E26F1-9F5B-460D-87DC-EBEA65207EA9}.RelWithDebInfo|x64.ActiveCfg = Release|Win32
		{3D038E43-C4C7-47D3-830D-BDA79A5A51B6}.Debug|Win32.ActiveCfg = Debug|Win32
		{3D038E43-C4C7-47D3-830D-BDA79A5A51B6}.Debug|Win32.Build.0 = Debug|Win32
		{3D038E43-C4C7-47D3-830D-BDA79A5A51B6}.Debug|x64.ActiveCfg = Debug|Win32
		{3D038E43-C4C7-47D3-830D-BDA79A5A51B6}.MinSizeRel|Win32.ActiveCfg = Release|Win32
		{3D038E43-C4C7-47D3-830D-BDA79A5A51B6}.MinSizeRel|Win32.Build.0 = Release|Win32
		{3D038E43-C4C7-47D3-830D-BDA79A5A51B6}.MinSizeRel|x64.ActiveCfg = Release|Win32
		{3D038E43-C4C7-47D3-830D-BDA79A5A51B6}.Release|Win32.ActiveCfg = Release|Win32
		{3D038E43-C4C7-47D3-830D-BDA79A5A51B6}.Release|Win32.Build.0 = Release|Win32
		{3D038E43-C4C7-47D3-830D-BDA79A5A51B6}.Release|x64.ActiveCfg = Release|Win32
		{3D038E43-C4C7-47D3-830D-BDA79A5A51B6}.RelWithDebInfo|Win32.ActiveCfg = Release|Win32
		{3D038E43-C4C7-47D3-830D-BDA79A5A51B6}.RelWithDebInfo|Win32.Build.0 = Release|Win32
		{3D038E43-C4C7-47D3-830D-BDA79A5A51B6}.RelWithDebInfo|x64.ActiveCfg = Release|Win32
		{3E762C31-D4FE-4909-B6E3-DAB2B0B84FAC}.Debug|Win32.ActiveCfg = Debug|Win32
		{3E762C31-D4FE-4909-B6E3-DAB2B0B84FAC}.Debug|Win32.Build.0 = Debug|Win32
		{3E762C31-D4FE-4909-B6E3-DAB2B0B84FAC}.Debug|x64.ActiveCfg = Debug|Win32
		{3E762C31-D4FE-4909-B6E3-DAB2B0B84FAC}.MinSizeRel|Win32.ActiveCfg = Release|Win32
		{3E762C31-D4FE-4909-B6E3-DAB2B0B84FAC}.MinSizeRel|Win32.Build.0 = Release|Win32
		{3E762C31-D4FE-4909-B6E3-DAB2B0B84FAC}.MinSizeRel|x64.ActiveCfg = Release|Win32
		{3E762C31-D4FE-4909-B6E3-DAB2B0B84FAC}.Release|Win32.ActiveCfg = Release|Win32
		{3E762C31-D4FE-4909-B6E3-DAB2B0B84FAC}.Release|Win32.Build.0 = Release|Win32
		{3E762C31-D4FE-4909-B6E3-DAB2B0B84FAC}.Release|x64.ActiveCfg = Release|Win32
		{3E762C31-D4FE-4909-B6E3-DAB2B0B84FAC}.RelWithDebInfo|Win32.ActiveCfg = Release|Win32
		{3E762C31-D4FE-4909-B6E3-DAB2B0B84FAC}.RelWithDebInfo|Win32.Build.0 = Release|Win32
		{3E762C31-D4FE-4909-B6E3-DAB2B0B84FAC}.RelWithDebInfo|x64.ActiveCfg = Release|Win32
		{31EA52E8-FAAA-4B5E-BC40-4E4E7050E5F1}.Debug|Win32.ActiveCfg = Debug|Win32
		{31EA52E8-FAAA-4B5E-BC40-4E4E7050E5F1}.Debug|Win32.Build.0 = Debug|Win32
		{31EA52E8-FAAA-4B5E-BC40-4E4E7050E5F1}.Debug|x64.ActiveCfg = Debug|x64
		{31EA52E8-FAAA-4B5E-BC40-4E4E7050E5F1}.Debug|x64.Build.0 = Debug|x64
		{31EA52E8-FAAA-4B5E-BC40-4E4E7050E5F1}.MinSizeRel|Win32.ActiveCfg = Release|x64
		{31EA52E8-FAAA-4B5E-BC40-4E4E7050E5F1}.MinSizeRel|x64.ActiveCfg = Release|x64
		{31EA52E8-FAAA-4B5E-BC40-4E4E7050E5F1}.MinSizeRel|x64.Build.0 = Release|x64
		{31EA52E8-FAAA-4B5E-BC40-4E4E7050E5F1}.Release|Win32.ActiveCfg = Release|Win32
		{31EA52E8-FAAA-4B5E-BC40-4E4E7050E5F1}.Release|Win32.Build.0 = Release|Win32
		{31EA52E8-FAAA-4B5E-BC40-4E4E7050E5F1}.Release|x64.ActiveCfg = Release|x64
		{31EA52E8-FAAA-4B5E-BC40-4E4E7050E5F1}.Release|x64.Build.0 = Release|x64
		{31EA52E8-FAAA-4B5E-BC40-4E4E7050E5F1}.RelWithDebInfo|Win32.ActiveCfg = Release|Win32
		{31EA52E8-FAAA-4B5E-BC40-4E4E7050E5F1}.RelWithDebInfo|Win32.Build.0 = Release|Win32
		{31EA52E8-FAAA-4B5E-BC40-4E4E7050E5F1}.RelWithDebInfo|x64.ActiveCfg = Release|x64
		{31EA52E8-FAAA-4B5E-BC40-4E4E7050E5F1}.RelWithDebInfo|x64.Build.0 = Release|x64
		{9CBB20FA-8926-4DD8-95F5-6EAD4458A402}.Debug|Win32.ActiveCfg = Debug|Win32
		{9CBB20FA-8926-4DD8-95F5-6EAD4458A402}.Debug|Win32.Build.0 = Debug|Win32
		{9CBB20FA-8926-4DD8-95F5-6EAD4458A402}.Debug|x64.ActiveCfg = Debug|Win32
		{9CBB20FA-8926-4DD8-95F5-6EAD4458A402}.MinSizeRel|Win32.ActiveCfg = Release|Win32
		{9CBB20FA-8926-4DD8-95F5-6EAD4458A402}.MinSizeRel|Win32.Build.0 = Release|Win32
		{9CBB20FA-8926-4DD8-95F5-6EAD4458A402}.MinSizeRel|x64.ActiveCfg = Release|Win32
		{9CBB20FA-8926-4DD8-95F5-6EAD4458A402}.Release|Win32.ActiveCfg = Release|Win32
		{9CBB20FA-8926-4DD8-95F5-6EAD4458A402}.Release|Win32.Build.0 = Release|Win32
		{9CBB20FA-8926-4DD8-95F5-6EAD4458A402}.Release|x64.ActiveCfg = Release|Win32
		{9CBB20FA-8926-4DD8-95F5-6EAD4458A402}.RelWithDebInfo|Win32.ActiveCfg = Release|Win32
		{9CBB20FA-8926-4DD8-95F5-6EAD4458A402}.RelWithDebInfo|Win32.Build.0 = Release|Win32
		{9CBB20FA-8926-4DD8-95F5-6EAD4458A402}.RelWithDebInfo|x64.ActiveCfg = Release|Win32
		{7B0B63F9-9938-4CFE-AD07-EC8FC95B080C}.Debug|Win32.ActiveCfg = Debug|Win32
		{7B0B63F9-9938-4CFE-AD07-EC8FC95B080C}.Debug|Win32.Build.0 = Debug|Win32
		{7B0B63F9-9938-4CFE-AD07-EC8FC95B080C}.Debug|x64.ActiveCfg = Debug|Win32
		{7B0B63F9-9938-4CFE-AD07-EC8FC95B080C}.MinSizeRel|Win32.ActiveCfg = Release|Win32
		{7B0B63F9-9938-4CFE-AD07-EC8FC95B080C}.MinSizeRel|Win32.Build.0 = Release|Win32
		{7B0B63F9-9938-4CFE-AD07-EC8FC95B080C}.MinSizeRel|x64.ActiveCfg = Release|Win32
		{7B0B63F9-9938-4CFE-AD07-EC8FC95B080C}.Release|Win32.ActiveCfg = Release|Win32
		{7B0B63F9-9938-4CFE-AD07-EC8FC95B080C}.Release|Win32.Build.0 = Release|Win32
		{7B0B63F9-9938-4CFE-AD07-EC8FC95B080C}.Release|x64.ActiveCfg = Release|Win32
		{7B0B63F9-9938-4CFE-AD07-EC8FC95B080C}.RelWithDebInfo|Win32.ActiveCfg = Release|Win32
		{7B0B63F9-9938-4CFE-AD07-EC8FC95B080C}.RelWithDebInfo|Win32.Build.0 = Release|Win32
		{7B0B63F9-9938-4CFE-AD07-EC8FC95B080C}.RelWithDebInfo|x64.ActiveCfg = Release|Win32
		{D6CB99AD-F75C-442C-8737-1CD94871A2E9}.Debug|Win32.ActiveCfg = Debug|Win32
		{D6CB99AD-F75C-442C-8737-1CD94871A2E9}.Debug|Win32.Build.0 = Debug|Win32
		{D6CB99AD-F75C-442C-8737-1CD94871A2E9}.Debug|x64.ActiveCfg = Debug|Win32
		{D6CB99AD-F75C-442C-8737-1CD94871A2E9}.MinSizeRel|Win32.ActiveCfg = Release|Win32
		{D6CB99AD-F75C-442C-8737-1CD94871A2E9}.MinSizeRel|Win32.Build.0 = Release|Win32
		{D6CB99AD-F75C-442C-8737-1CD94871A2E9}.MinSizeRel|x64.ActiveCfg = Release|Win32
		{D6CB99AD-F75C-442C-8737-1CD94871A2E9}.Release|Win32.ActiveCfg = Release|Win32
		{D6CB99AD-F75C-442C-8737-1CD94871A2E9}.Release|Win32.Build.0 = Release|Win32
		{D6CB99AD-F75C-442C-8737-1CD94871A2E9}.Release|x64.ActiveCfg = Release|Win32
		{D6CB99AD-F75C-442C-8737-1CD94871A2E9}.RelWithDebInfo|Win32.ActiveCfg = Release|Win32
		{D6CB99AD-F75C-442C-8737-1CD94871A2E9}.RelWithDebInfo|Win32.Build.0 = Release|Win32
		{D6CB99AD-F75C-442C-8737-1CD94871A2E9}.RelWithDebInfo|x64.ActiveCfg = Release|Win32
	EndGlobalSection
	GlobalSection(SolutionProperties) = preSolution
		HideSolutionNode = FALSE
	EndGlobalSection
EndGlobal
